Microsoft Visual Studio Solution File, Format Version 12.00
# Visual Studio 2012
Project("{FAE04EC0-301F-11D3-BF4B-00C04F79EFBC}") = "Godot FPS Project", "Godot FPS Project.csproj", "{599F8FB3-8931-48C5-9B1A-FEAC38D514EC}"
EndProject
Global
	GlobalSection(SolutionConfigurationPlatforms) = preSolution
	Debug|Any CPU = Debug|Any CPU
	ExportDebug|Any CPU = ExportDebug|Any CPU
	ExportRelease|Any CPU = ExportRelease|Any CPU
	EndGlobalSection
	GlobalSection(ProjectConfigurationPlatforms) = postSolution
		{599F8FB3-8931-48C5-9B1A-FEAC38D514EC}.Debug|Any CPU.ActiveCfg = Debug|Any CPU
		{599F8FB3-8931-48C5-9B1A-FEAC38D514EC}.Debug|Any CPU.Build.0 = Debug|Any CPU
		{599F8FB3-8931-48C5-9B1A-FEAC38D514EC}.ExportDebug|Any CPU.ActiveCfg = ExportDebug|Any CPU
		{599F8FB3-8931-48C5-9B1A-FEAC38D514EC}.ExportDebug|Any CPU.Build.0 = ExportDebug|Any CPU
		{599F8FB3-8931-48C5-9B1A-FEAC38D514EC}.ExportRelease|Any CPU.ActiveCfg = ExportRelease|Any CPU
		{599F8FB3-8931-48C5-9B1A-FEAC38D514EC}.ExportRelease|Any CPU.Build.0 = ExportRelease|Any CPU
	EndGlobalSection
EndGlobal
